<?xml version="1.0" encoding="UTF-8" standalone="yes" ?>
<CodeBlocks_project_file>
	<FileVersion major="1" minor="6" />
	<Project>
		<Option title="Test Project" />
		<Option pch_mode="2" />
		<Option compiler="gcc" />
		<Build>
			<Target title="Debug">
				<Option output="bin\Debug\Test project" prefix_auto="1" extension_auto="1" />
				<Option object_output="obj\Debug\" />
				<Option type="1" />
				<Option compiler="gcc" />
				<Compiler>
					<Add directory="C:\Users\James Moren\Documents\C++ projects\Test Project\include" />
				</Compiler>
			</Target>
			<Target title="Release">
				<Option output="bin\Release\Test project" prefix_auto="1" extension_auto="1" />
				<Option object_output="obj\Release\" />
				<Option type="1" />
				<Option compiler="gcc" />
				<Compiler>
					<Add directory="C:\Users\James Moren\Documents\C++ projects\Test Project\include" />
				</Compiler>
			</Target>
		</Build>
		<Compiler>
			<Add option="-fexceptions" />
			<Add directory="C:\Users\James Moren\Documents\C++ projects\Test Project\include" />
			<Add directory="D:\irrKlang-1.3.0\irrKlang-1.3.0\include" />
			<Add directory="D:\irrKlang-1.3.0\irrKlang-1.3.0\lib\Win32-gcc" />
		</Compiler>
		<ResourceCompiler>
			<Add directory="C:\Documents and Settings\James Moran.HOME-B288D626D8\My Documents\C++ projects\Test Project\obj" />
		</ResourceCompiler>
		<Linker>
			<Add library="libwinmm.a" />
			<Add directory="C:\Documents and Settings\James Moran.HOME-B288D626D8\My Documents\C++ projects\Test Project\include" />
			<Add directory="C:\Documents and Settings\James Moran.HOME-B288D626D8\My Documents\C++ projects\Test Project\obj" />
			<Add directory="C:\Documents and Settings\James Moran.HOME-B288D626D8\My Documents\C++ projects\Test Project\src" />
		</Linker>
		<Unit filename="include\Armour.h" />
		<Unit filename="include\CombatAdmin.h" />
		<Unit filename="include\Enemy.h" />
		<Unit filename="include\HealthAndAmmoSuppiler.h" />
		<Unit filename="include\Item.h" />
		<Unit filename="include\Merchant.h" />
		<Unit filename="include\Narrator.h" />
		<Unit filename="include\NonPlayerCharacter.h" />
		<Unit filename="include\Pibot.h" />
		<Unit filename="include\Player.h" />
		<Unit filename="include\Sound.h" />
		<Unit filename="include\Weapon.h" />
		<Unit filename="main.cpp" />
		<Unit filename="..\Test Project\src\Armour.cpp" />
		<Unit filename="..\Test Project\src\CombatAdmin.cpp" />
		<Unit filename="..\Test Project\src\Enemy.cpp" />
		<Unit filename="..\Test Project\src\HealthAndAmmoSuppiler.cpp" />
		<Unit filename="..\Test Project\src\Item.cpp" />
		<Unit filename="..\Test Project\src\Merchant.cpp" />
		<Unit filename="..\Test Project\src\Narrator.cpp" />
		<Unit filename="..\Test Project\src\NonPlayerCharacter.cpp" />
		<Unit filename="..\Test Project\src\Pibot.cpp" />
		<Unit filename="..\Test Project\src\Player.cpp" />
		<Unit filename="..\Test Project\src\Sound.cpp" />
		<Unit filename="..\Test Project\src\Weapon.cpp" />
		<Extensions>
			<code_completion />
			<envvars />
			<debugger />
			<lib_finder disable_auto="1" />
			<wxsmith version="1">
				<gui name="wxWidgets" src="" main="" init_handlers="necessary" language="CPP" />
			</wxsmith>
		</Extensions>
	</Project>
</CodeBlocks_project_file>
